
Microsoft Visual Studio Solution File, Format Version 12.00
# Visual Studio Version 17
VisualStudioVersion = 17.9.34607.119
MinimumVisualStudioVersion = 10.0.40219.1
Project("{9A19103F-16F7-4668-BE54-9A1E7A4F7556}") = "efcore_razor_pages", "efcore_razor_pages\efcore_razor_pages.csproj", "{697B0595-966A-497F-933B-FFEA0967720F}"
EndProject
Project("{FAE04EC0-301F-11D3-BF4B-00C04F79EFBC}") = "ef_models", "ef_modules\ef_models.csproj", "{AE37EB39-1ED3-421B-AEEC-7B5C286042D2}"
EndProject
Global
	GlobalSection(SolutionConfigurationPlatforms) = preSolution
		Debug|Any CPU = Debug|Any CPU
		Release|Any CPU = Release|Any CPU
	EndGlobalSection
	GlobalSection(ProjectConfigurationPlatforms) = postSolution
		{697B0595-966A-497F-933B-FFEA0967720F}.Debug|Any CPU.ActiveCfg = Debug|Any CPU
		{697B0595-966A-497F-933B-FFEA0967720F}.Debug|Any CPU.Build.0 = Debug|Any CPU
		{697B0595-966A-497F-933B-FFEA0967720F}.Release|Any CPU.ActiveCfg = Release|Any CPU
		{697B0595-966A-497F-933B-FFEA0967720F}.Release|Any CPU.Build.0 = Release|Any CPU
		{AE37EB39-1ED3-421B-AEEC-7B5C286042D2}.Debug|Any CPU.ActiveCfg = Debug|Any CPU
		{AE37EB39-1ED3-421B-AEEC-7B5C286042D2}.Debug|Any CPU.Build.0 = Debug|Any CPU
		{AE37EB39-1ED3-421B-AEEC-7B5C286042D2}.Release|Any CPU.ActiveCfg = Release|Any CPU
		{AE37EB39-1ED3-421B-AEEC-7B5C286042D2}.Release|Any CPU.Build.0 = Release|Any CPU
	EndGlobalSection
	GlobalSection(SolutionProperties) = preSolution
		HideSolutionNode = FALSE
	EndGlobalSection
	GlobalSection(ExtensibilityGlobals) = postSolution
		SolutionGuid = {39EAA698-4C8D-413F-BF24-A95CAF4B85E4}
	EndGlobalSection
EndGlobal
